// !$*UTF8*$!
{
	archiveVersion = 1;
	classes = {
	};
	objectVersion = 77;
	objects = {

/* Begin PBXContainerItemProxy section */
		69FFFFB72D86886C00A0D745 /* PBXContainerItemProxy */ = {
			isa = PBXContainerItemProxy;
			containerPortal = 69FFFF952D86886A00A0D745 /* Project object */;
			proxyType = 1;
			remoteGlobalIDString = 69FFFF9C2D86886A00A0D745;
			remoteInfo = HeightMeasurement;
		};
		69FFFFC12D86886C00A0D745 /* PBXContainerItemProxy */ = {
			isa = PBXContainerItemProxy;
			containerPortal = 69FFFF952D86886A00A0D745 /* Project object */;
			proxyType = 1;
			remoteGlobalIDString = 69FFFF9C2D86886A00A0D745;
			remoteInfo = HeightMeasurement;
		};
/* End PBXContainerItemProxy section */

/* Begin PBXFileReference section */
		69FFFF9D2D86886A00A0D745 /* HeightMeasurement.app */ = {isa = PBXFileReference; explicitFileType = wrapper.application; includeInIndex = 0; path = HeightMeasurement.app; sourceTree = BUILT_PRODUCTS_DIR; };
		69FFFFB62D86886C00A0D745 /* HeightMeasurementTests.xctest */ = {isa = PBXFileReference; explicitFileType = wrapper.cfbundle; includeInIndex = 0; path = HeightMeasurementTests.xctest; sourceTree = BUILT_PRODUCTS_DIR; };
		69FFFFC02D86886C00A0D745 /* HeightMeasurementUITests.xctest */ = {isa = PBXFileReference; explicitFileType = wrapper.cfbundle; includeInIndex = 0; path = HeightMeasurementUITests.xctest; sourceTree = BUILT_PRODUCTS_DIR; };
/* End PBXFileReference section */

/* Begin PBXFileSystemSynchronizedRootGroup section */
		69FFFF9F2D86886A00A0D745 /* HeightMeasurement */ = {
			isa = PBXFileSystemSynchronizedRootGroup;
			path = HeightMeasurement;
			sourceTree = "<group>";
		};
		69FFFFB92D86886C00A0D745 /* HeightMeasurementTests */ = {
			isa = PBXFileSystemSynchronizedRootGroup;
			path = HeightMeasurementTests;
			sourceTree = "<group>";
		};
		69FFFFC32D86886C00A0D745 /* HeightMeasurementUITests */ = {
			isa = PBXFileSystemSynchronizedRootGroup;
			path = HeightMeasurementUITests;
			sourceTree = "<group>";
		};
/* End PBXFileSystemSynchronizedRootGroup section */

/* Begin PBXFrameworksBuildPhase section */
		69FFFF9A2D86886A00A0D745 /* Frameworks */ = {
			isa = PBXFrameworksBuildPhase;
			buildActionMask = 2147483647;
			files = (
			);
			runOnlyForDeploymentPostprocessing = 0;
		};
		69FFFFB32D86886C00A0D745 /* Frameworks */ = {
			isa = PBXFrameworksBuildPhase;
			buildActionMask = 2147483647;
			files = (
			);
			runOnlyForDeploymentPostprocessing = 0;
		};
		69FFFFBD2D86886C00A0D745 /* Frameworks */ = {
			isa = PBXFrameworksBuildPhase;
			buildActionMask = 2147483647;
			files = (
			);
			runOnlyForDeploymentPostprocessing = 0;
		};
/* End PBXFrameworksBuildPhase section */

/* Begin PBXGroup section */
		69FFFF942D86886A00A0D745 = {
			isa = PBXGroup;
			children = (
				69FFFF9F2D86886A00A0D745 /* HeightMeasurement */,
				69FFFFB92D86886C00A0D745 /* HeightMeasurementTests */,
				69FFFFC32D86886C00A0D745 /* HeightMeasurementUITests */,
				69FFFF9E2D86886A00A0D745 /* Products */,
			);
			sourceTree = "<group>";
		};
		69FFFF9E2D86886A00A0D745 /* Products */ = {
			isa = PBXGroup;
			children = (
				69FFFF9D2D86886A00A0D745 /* HeightMeasurement.app */,
				69FFFFB62D86886C00A0D745 /* HeightMeasurementTests.xctest */,
				69FFFFC02D86886C00A0D745 /* HeightMeasurementUITests.xctest */,
			);
			name = Products;
			sourceTree = "<group>";
		};
/* End PBXGroup section */

/* Begin PBXNativeTarget section */
		69FFFF9C2D86886A00A0D745 /* HeightMeasurement */ = {
			isa = PBXNativeTarget;
			buildConfigurationList = 69FFFFCA2D86886C00A0D745 /* Build configuration list for PBXNativeTarget "HeightMeasurement" */;
			buildPhases = (
				69FFFF992D86886A00A0D745 /* Sources */,
				69FFFF9A2D86886A00A0D745 /* Frameworks */,
				69FFFF9B2D86886A00A0D745 /* Resources */,
			);
			buildRules = (
			);
			dependencies = (
			);
			fileSystemSynchronizedGroups = (
				69FFFF9F2D86886A00A0D745 /* HeightMeasurement */,
			);
			name = HeightMeasurement;
			packageProductDependencies = (
			);
			productName = HeightMeasurement;
			productReference = 69FFFF9D2D86886A00A0D745 /* HeightMeasurement.app */;
			productType = "com.apple.product-type.application";
		};
		69FFFFB52D86886C00A0D745 /* HeightMeasurementTests */ = {
			isa = PBXNativeTarget;
			buildConfigurationList = 69FFFFCD2D86886C00A0D745 /* Build configuration list for PBXNativeTarget "HeightMeasurementTests" */;
			buildPhases = (
				69FFFFB22D86886C00A0D745 /* Sources */,
				69FFFFB32D86886C00A0D745 /* Frameworks */,
				69FFFFB42D86886C00A0D745 /* Resources */,
			);
			buildRules = (
			);
			dependencies = (
				69FFFFB82D86886C00A0D745 /* PBXTargetDependency */,
			);
			fileSystemSynchronizedGroups = (
				69FFFFB92D86886C00A0D745 /* HeightMeasurementTests */,
			);
			name = HeightMeasurementTests;
			packageProductDependencies = (
			);
			productName = HeightMeasurementTests;
			productReference = 69FFFFB62D86886C00A0D745 /* HeightMeasurementTests.xctest */;
			productType = "com.apple.product-type.bundle.unit-test";
		};
		69FFFFBF2D86886C00A0D745 /* HeightMeasurementUITests */ = {
			isa = PBXNativeTarget;
			buildConfigurationList = 69FFFFD02D86886C00A0D745 /* Build configuration list for PBXNativeTarget "HeightMeasurementUITests" */;
			buildPhases = (
				69FFFFBC2D86886C00A0D745 /* Sources */,
				69FFFFBD2D86886C00A0D745 /* Frameworks */,
				69FFFFBE2D86886C00A0D745 /* Resources */,
			);
			buildRules = (
			);
			dependencies = (
				69FFFFC22D86886C00A0D745 /* PBXTargetDependency */,
			);
			fileSystemSynchronizedGroups = (
				69FFFFC32D86886C00A0D745 /* HeightMeasurementUITests */,
			);
			name = HeightMeasurementUITests;
			packageProductDependencies = (
			);
			productName = HeightMeasurementUITests;
			productReference = 69FFFFC02D86886C00A0D745 /* HeightMeasurementUITests.xctest */;
			productType = "com.apple.product-type.bundle.ui-testing";
		};
/* End PBXNativeTarget section */

/* Begin PBXProject section */
		69FFFF952D86886A00A0D745 /* Project object */ = {
			isa = PBXProject;
			attributes = {
				BuildIndependentTargetsInParallel = 1;
				LastSwiftUpdateCheck = 1610;
				LastUpgradeCheck = 1610;
				TargetAttributes = {
					69FFFF9C2D86886A00A0D745 = {
						CreatedOnToolsVersion = 16.1;
					};
					69FFFFB52D86886C00A0D745 = {
						CreatedOnToolsVersion = 16.1;
						TestTargetID = 69FFFF9C2D86886A00A0D745;
					};
					69FFFFBF2D86886C00A0D745 = {
						CreatedOnToolsVersion = 16.1;
						TestTargetID = 69FFFF9C2D86886A00A0D745;
					};
				};
			};
			buildConfigurationList = 69FFFF982D86886A00A0D745 /* Build configuration list for PBXProject "HeightMeasurement" */;
			developmentRegion = en;
			hasScannedForEncodings = 0;
			knownRegions = (
				en,
				Base,
			);
			mainGroup = 69FFFF942D86886A00A0D745;
			minimizedProjectReferenceProxies = 1;
			preferredProjectObjectVersion = 77;
			productRefGroup = 69FFFF9E2D86886A00A0D745 /* Products */;
			projectDirPath = "";
			projectRoot = "";
			targets = (
				69FFFF9C2D86886A00A0D745 /* HeightMeasurement */,
				69FFFFB52D86886C00A0D745 /* HeightMeasurementTests */,
				69FFFFBF2D86886C00A0D745 /* HeightMeasurementUITests */,
			);
		};
/* End PBXProject section */

/* Begin PBXResourcesBuildPhase section */
		69FFFF9B2D86886A00A0D745 /* Resources */ = {
			isa = PBXResourcesBuildPhase;
			buildActionMask = 2147483647;
			files = (
			);
			runOnlyForDeploymentPostprocessing = 0;
		};
		69FFFFB42D86886C00A0D745 /* Resources */ = {
			isa = PBXResourcesBuildPhase;
			buildActionMask = 2147483647;
			files = (
			);
			runOnlyForDeploymentPostprocessing = 0;
		};
		69FFFFBE2D86886C00A0D745 /* Resources */ = {
			isa = PBXResourcesBuildPhase;
			buildActionMask = 2147483647;
			files = (
			);
			runOnlyForDeploymentPostprocessing = 0;
		};
/* End PBXResourcesBuildPhase section */

/* Begin PBXSourcesBuildPhase section */
		69FFFF992D86886A00A0D745 /* Sources */ = {
			isa = PBXSourcesBuildPhase;
			buildActionMask = 2147483647;
			files = (
			);
			runOnlyForDeploymentPostprocessing = 0;
		};
		69FFFFB22D86886C00A0D745 /* Sources */ = {
			isa = PBXSourcesBuildPhase;
			buildActionMask = 2147483647;
			files = (
			);
			runOnlyForDeploymentPostprocessing = 0;
		};
		69FFFFBC2D86886C00A0D745 /* Sources */ = {
			isa = PBXSourcesBuildPhase;
			buildActionMask = 2147483647;
			files = (
			);
			runOnlyForDeploymentPostprocessing = 0;
		};
/* End PBXSourcesBuildPhase section */

/* Begin PBXTargetDependency section */
		69FFFFB82D86886C00A0D745 /* PBXTargetDependency */ = {
			isa = PBXTargetDependency;
			target = 69FFFF9C2D86886A00A0D745 /* HeightMeasurement */;
			targetProxy = 69FFFFB72D86886C00A0D745 /* PBXContainerItemProxy */;
		};
		69FFFFC22D86886C00A0D745 /* PBXTargetDependency */ = {
			isa = PBXTargetDependency;
			target = 69FFFF9C2D86886A00A0D745 /* HeightMeasurement */;
			targetProxy = 69FFFFC12D86886C00A0D745 /* PBXContainerItemProxy */;
		};
/* End PBXTargetDependency section */

/* Begin XCBuildConfiguration section */
		69FFFFC82D86886C00A0D745 /* Debug */ = {
			isa = XCBuildConfiguration;
			buildSettings = {
				ALWAYS_SEARCH_USER_PATHS = NO;
				ASSETCATALOG_COMPILER_GENERATE_SWIFT_ASSET_SYMBOL_EXTENSIONS = YES;
				CLANG_ANALYZER_NONNULL = YES;
				CLANG_ANALYZER_NUMBER_OBJECT_CONVERSION = YES_AGGRESSIVE;
				CLANG_CXX_LANGUAGE_STANDARD = "gnu++20";
				CLANG_ENABLE_MODULES = YES;
				CLANG_ENABLE_OBJC_ARC = YES;
				CLANG_ENABLE_OBJC_WEAK = YES;
				CLANG_WARN_BLOCK_CAPTURE_AUTORELEASING = YES;
				CLANG_WARN_BOOL_CONVERSION = YES;
				CLANG_WARN_COMMA = YES;
				CLANG_WARN_CONSTANT_CONVERSION = YES;
				CLANG_WARN_DEPRECATED_OBJC_IMPLEMENTATIONS = YES;
				CLANG_WARN_DIRECT_OBJC_ISA_USAGE = YES_ERROR;
				CLANG_WARN_DOCUMENTATION_COMMENTS = YES;
				CLANG_WARN_EMPTY_BODY = YES;
				CLANG_WARN_ENUM_CONVERSION = YES;
				CLANG_WARN_INFINITE_RECURSION = YES;
				CLANG_WARN_INT_CONVERSION = YES;
				CLANG_WARN_NON_LITERAL_NULL_CONVERSION = YES;
				CLANG_WARN_OBJC_IMPLICIT_RETAIN_SELF = YES;
				CLANG_WARN_OBJC_LITERAL_CONVERSION = YES;
				CLANG_WARN_OBJC_ROOT_CLASS = YES_ERROR;
				CLANG_WARN_QUOTED_INCLUDE_IN_FRAMEWORK_HEADER = YES;
				CLANG_WARN_RANGE_LOOP_ANALYSIS = YES;
				CLANG_WARN_STRICT_PROTOTYPES = YES;
				CLANG_WARN_SUSPICIOUS_MOVE = YES;
				CLANG_WARN_UNGUARDED_AVAILABILITY = YES_AGGRESSIVE;
				CLANG_WARN_UNREACHABLE_CODE = YES;
				CLANG_WARN__DUPLICATE_METHOD_MATCH = YES;
				COPY_PHASE_STRIP = NO;
				DEBUG_INFORMATION_FORMAT = dwarf;
				ENABLE_STRICT_OBJC_MSGSEND = YES;
				ENABLE_TESTABILITY = YES;
				ENABLE_USER_SCRIPT_SANDBOXING = YES;
				GCC_C_LANGUAGE_STANDARD = gnu17;
				GCC_DYNAMIC_NO_PIC = NO;
				GCC_NO_COMMON_BLOCKS = YES;
				GCC_OPTIMIZATION_LEVEL = 0;
				GCC_PREPROCESSOR_DEFINITIONS = (
					"DEBUG=1",
					"$(inherited)",
				);
				GCC_WARN_64_TO_32_BIT_CONVERSION = YES;
				GCC_WARN_ABOUT_RETURN_TYPE = YES_ERROR;
				GCC_WARN_UNDECLARED_SELECTOR = YES;
				GCC_WARN_UNINITIALIZED_AUTOS = YES_AGGRESSIVE;
				GCC_WARN_UNUSED_FUNCTION = YES;
				GCC_WARN_UNUSED_VARIABLE = YES;
				IPHONEOS_DEPLOYMENT_TARGET = 18.1;
				LOCALIZATION_PREFERS_STRING_CATALOGS = YES;
				MTL_ENABLE_DEBUG_INFO = INCLUDE_SOURCE;
				MTL_FAST_MATH = YES;
				ONLY_ACTIVE_ARCH = YES;
				SDKROOT = iphoneos;
				SWIFT_ACTIVE_COMPILATION_CONDITIONS = "DEBUG $(inherited)";
				SWIFT_OPTIMIZATION_LEVEL = "-Onone";
			};
			name = Debug;
		};
		69FFFFC92D86886C00A0D745 /* Release */ = {
			isa = XCBuildConfiguration;
			buildSettings = {
				ALWAYS_SEARCH_USER_PATHS = NO;
				ASSETCATALOG_COMPILER_GENERATE_SWIFT_ASSET_SYMBOL_EXTENSIONS = YES;
				CLANG_ANALYZER_NONNULL = YES;
				CLANG_ANALYZER_NUMBER_OBJECT_CONVERSION = YES_AGGRESSIVE;
				CLANG_CXX_LANGUAGE_STANDARD = "gnu++20";
				CLANG_ENABLE_MODULES = YES;
				CLANG_ENABLE_OBJC_ARC = YES;
				CLANG_ENABLE_OBJC_WEAK = YES;
				CLANG_WARN_BLOCK_CAPTURE_AUTORELEASING = YES;
				CLANG_WARN_BOOL_CONVERSION = YES;
				CLANG_WARN_COMMA = YES;
				CLANG_WARN_CONSTANT_CONVERSION = YES;
				CLANG_WARN_DEPRECATED_OBJC_IMPLEMENTATIONS = YES;
				CLANG_WARN_DIRECT_OBJC_ISA_USAGE = YES_ERROR;
				CLANG_WARN_DOCUMENTATION_COMMENTS = YES;
				CLANG_WARN_EMPTY_BODY = YES;
				CLANG_WARN_ENUM_CONVERSION = YES;
				CLANG_WARN_INFINITE_RECURSION = YES;
				CLANG_WARN_INT_CONVERSION = YES;
				CLANG_WARN_NON_LITERAL_NULL_CONVERSION = YES;
				CLANG_WARN_OBJC_IMPLICIT_RETAIN_SELF = YES;
				CLANG_WARN_OBJC_LITERAL_CONVERSION = YES;
				CLANG_WARN_OBJC_ROOT_CLASS = YES_ERROR;
				CLANG_WARN_QUOTED_INCLUDE_IN_FRAMEWORK_HEADER = YES;
				CLANG_WARN_RANGE_LOOP_ANALYSIS = YES;
				CLANG_WARN_STRICT_PROTOTYPES = YES;
				CLANG_WARN_SUSPICIOUS_MOVE = YES;
				CLANG_WARN_UNGUARDED_AVAILABILITY = YES_AGGRESSIVE;
				CLANG_WARN_UNREACHABLE_CODE = YES;
				CLANG_WARN__DUPLICATE_METHOD_MATCH = YES;
				COPY_PHASE_STRIP = NO;
				DEBUG_INFORMATION_FORMAT = "dwarf-with-dsym";
				ENABLE_NS_ASSERTIONS = NO;
				ENABLE_STRICT_OBJC_MSGSEND = YES;
				ENABLE_USER_SCRIPT_SANDBOXING = YES;
				GCC_C_LANGUAGE_STANDARD = gnu17;
				GCC_NO_COMMON_BLOCKS = YES;
				GCC_WARN_64_TO_32_BIT_CONVERSION = YES;
				GCC_WARN_ABOUT_RETURN_TYPE = YES_ERROR;
				GCC_WARN_UNDECLARED_SELECTOR = YES;
				GCC_WARN_UNINITIALIZED_AUTOS = YES_AGGRESSIVE;
				GCC_WARN_UNUSED_FUNCTION = YES;
				GCC_WARN_UNUSED_VARIABLE = YES;
				IPHONEOS_DEPLOYMENT_TARGET = 18.1;
				LOCALIZATION_PREFERS_STRING_CATALOGS = YES;
				MTL_ENABLE_DEBUG_INFO = NO;
				MTL_FAST_MATH = YES;
				SDKROOT = iphoneos;
				SWIFT_COMPILATION_MODE = wholemodule;
				VALIDATE_PRODUCT = YES;
			};
			name = Release;
		};
		69FFFFCB2D86886C00A0D745 /* Debug */ = {
			isa = XCBuildConfiguration;
			buildSettings = {
				ASSETCATALOG_COMPILER_APPICON_NAME = AppIcon;
				ASSETCATALOG_COMPILER_GLOBAL_ACCENT_COLOR_NAME = AccentColor;
				CODE_SIGN_STYLE = Automatic;
				CURRENT_PROJECT_VERSION = 1;
				DEVELOPMENT_TEAM = B84XBJ27B8;
				GENERATE_INFOPLIST_FILE = YES;
				INFOPLIST_KEY_NSCameraUsageDescription = "";
				INFOPLIST_KEY_UIApplicationSupportsIndirectInputEvents = YES;
				INFOPLIST_KEY_UILaunchStoryboardName = LaunchScreen;
				INFOPLIST_KEY_UIMainStoryboardFile = Main;
				INFOPLIST_KEY_UIRequiredDeviceCapabilities = "arkit metal";
				INFOPLIST_KEY_UIRequiresFullScreen = YES;
				INFOPLIST_KEY_UIStatusBarHidden = YES;
				INFOPLIST_KEY_UISupportedInterfaceOrientations = UIInterfaceOrientationLandscapeRight;
				INFOPLIST_KEY_UISupportedInterfaceOrientations_iPad = UIInterfaceOrientationLandscapeRight;
				INFOPLIST_KEY_UISupportedInterfaceOrientations_iPhone = UIInterfaceOrientationLandscapeRight;
				LD_RUNPATH_SEARCH_PATHS = (
					"$(inherited)",
					"@executable_path/Frameworks",
				);
				MARKETING_VERSION = 1.0;
				PRODUCT_BUNDLE_IDENTIFIER = vinkay.app.vip.HeightMeasurement;
				PRODUCT_NAME = "$(TARGET_NAME)";
				SWIFT_EMIT_LOC_STRINGS = YES;
				SWIFT_OBJC_BRIDGING_HEADER = "HeightMeasurement/HeightMeasurement-Bridging-Header.h";
				SWIFT_VERSION = 5.0;
				TARGETED_DEVICE_FAMILY = "1,2";
			};
			name = Debug;
		};
		69FFFFCC2D86886C00A0D745 /* Release */ = {
			isa = XCBuildConfiguration;
			buildSettings = {
				ASSETCATALOG_COMPILER_APPICON_NAME = AppIcon;
				ASSETCATALOG_COMPILER_GLOBAL_ACCENT_COLOR_NAME = AccentColor;
				CODE_SIGN_STYLE = Automatic;
				CURRENT_PROJECT_VERSION = 1;
				DEVELOPMENT_TEAM = B84XBJ27B8;
				GENERATE_INFOPLIST_FILE = YES;
				INFOPLIST_KEY_NSCameraUsageDescription = "";
				INFOPLIST_KEY_UIApplicationSupportsIndirectInputEvents = YES;
				INFOPLIST_KEY_UILaunchStoryboardName = LaunchScreen;
				INFOPLIST_KEY_UIMainStoryboardFile = Main;
				INFOPLIST_KEY_UIRequiredDeviceCapabilities = "arkit metal";
				INFOPLIST_KEY_UIRequiresFullScreen = YES;
				INFOPLIST_KEY_UIStatusBarHidden = YES;
				INFOPLIST_KEY_UISupportedInterfaceOrientations = UIInterfaceOrientationLandscapeRight;
				INFOPLIST_KEY_UISupportedInterfaceOrientations_iPad = UIInterfaceOrientationLandscapeRight;
				INFOPLIST_KEY_UISupportedInterfaceOrientations_iPhone = UIInterfaceOrientationLandscapeRight;
				LD_RUNPATH_SEARCH_PATHS = (
					"$(inherited)",
					"@executable_path/Frameworks",
				);
				MARKETING_VERSION = 1.0;
				PRODUCT_BUNDLE_IDENTIFIER = vinkay.app.vip.HeightMeasurement;
				PRODUCT_NAME = "$(TARGET_NAME)";
				SWIFT_EMIT_LOC_STRINGS = YES;
				SWIFT_OBJC_BRIDGING_HEADER = "HeightMeasurement/HeightMeasurement-Bridging-Header.h";
				SWIFT_VERSION = 5.0;
				TARGETED_DEVICE_FAMILY = "1,2";
			};
			name = Release;
		};
		69FFFFCE2D86886C00A0D745 /* Debug */ = {
			isa = XCBuildConfiguration;
			buildSettings = {
				BUNDLE_LOADER = "$(TEST_HOST)";
				CODE_SIGN_STYLE = Automatic;
				CURRENT_PROJECT_VERSION = 1;
				GENERATE_INFOPLIST_FILE = YES;
				IPHONEOS_DEPLOYMENT_TARGET = 18.1;
				MARKETING_VERSION = 1.0;
				PRODUCT_BUNDLE_IDENTIFIER = vinkay.app.vip.HeightMeasurementTests;
				PRODUCT_NAME = "$(TARGET_NAME)";
				SWIFT_EMIT_LOC_STRINGS = NO;
				SWIFT_VERSION = 5.0;
				TARGETED_DEVICE_FAMILY = "1,2";
				TEST_HOST = "$(BUILT_PRODUCTS_DIR)/HeightMeasurement.app/$(BUNDLE_EXECUTABLE_FOLDER_PATH)/HeightMeasurement";
			};
			name = Debug;
		};
		69FFFFCF2D86886C00A0D745 /* Release */ = {
			isa = XCBuildConfiguration;
			buildSettings = {
				BUNDLE_LOADER = "$(TEST_HOST)";
				CODE_SIGN_STYLE = Automatic;
				CURRENT_PROJECT_VERSION = 1;
				GENERATE_INFOPLIST_FILE = YES;
				IPHONEOS_DEPLOYMENT_TARGET = 18.1;
				MARKETING_VERSION = 1.0;
				PRODUCT_BUNDLE_IDENTIFIER = vinkay.app.vip.HeightMeasurementTests;
				PRODUCT_NAME = "$(TARGET_NAME)";
				SWIFT_EMIT_LOC_STRINGS = NO;
				SWIFT_VERSION = 5.0;
				TARGETED_DEVICE_FAMILY = "1,2";
				TEST_HOST = "$(BUILT_PRODUCTS_DIR)/HeightMeasurement.app/$(BUNDLE_EXECUTABLE_FOLDER_PATH)/HeightMeasurement";
			};
			name = Release;
		};
		69FFFFD12D86886C00A0D745 /* Debug */ = {
			isa = XCBuildConfiguration;
			buildSettings = {
				CODE_SIGN_STYLE = Automatic;
				CURRENT_PROJECT_VERSION = 1;
				GENERATE_INFOPLIST_FILE = YES;
				MARKETING_VERSION = 1.0;
				PRODUCT_BUNDLE_IDENTIFIER = vinkay.app.vip.HeightMeasurementUITests;
				PRODUCT_NAME = "$(TARGET_NAME)";
				SWIFT_EMIT_LOC_STRINGS = NO;
				SWIFT_VERSION = 5.0;
				TARGETED_DEVICE_FAMILY = "1,2";
				TEST_TARGET_NAME = HeightMeasurement;
			};
			name = Debug;
		};
		69FFFFD22D86886C00A0D745 /* Release */ = {
			isa = XCBuildConfiguration;
			buildSettings = {
				CODE_SIGN_STYLE = Automatic;
				CURRENT_PROJECT_VERSION = 1;
				GENERATE_INFOPLIST_FILE = YES;
				MARKETING_VERSION = 1.0;
				PRODUCT_BUNDLE_IDENTIFIER = vinkay.app.vip.HeightMeasurementUITests;
				PRODUCT_NAME = "$(TARGET_NAME)";
				SWIFT_EMIT_LOC_STRINGS = NO;
				SWIFT_VERSION = 5.0;
				TARGETED_DEVICE_FAMILY = "1,2";
				TEST_TARGET_NAME = HeightMeasurement;
			};
			name = Release;
		};
/* End XCBuildConfiguration section */

/* Begin XCConfigurationList section */
		69FFFF982D86886A00A0D745 /* Build configuration list for PBXProject "HeightMeasurement" */ = {
			isa = XCConfigurationList;
			buildConfigurations = (
				69FFFFC82D86886C00A0D745 /* Debug */,
				69FFFFC92D86886C00A0D745 /* Release */,
			);
			defaultConfigurationIsVisible = 0;
			defaultConfigurationName = Release;
		};
		69FFFFCA2D86886C00A0D745 /* Build configuration list for PBXNativeTarget "HeightMeasurement" */ = {
			isa = XCConfigurationList;
			buildConfigurations = (
				69FFFFCB2D86886C00A0D745 /* Debug */,
				69FFFFCC2D86886C00A0D745 /* Release */,
			);
			defaultConfigurationIsVisible = 0;
			defaultConfigurationName = Release;
		};
		69FFFFCD2D86886C00A0D745 /* Build configuration list for PBXNativeTarget "HeightMeasurementTests" */ = {
			isa = XCConfigurationList;
			buildConfigurations = (
				69FFFFCE2D86886C00A0D745 /* Debug */,
				69FFFFCF2D86886C00A0D745 /* Release */,
			);
			defaultConfigurationIsVisible = 0;
			defaultConfigurationName = Release;
		};
		69FFFFD02D86886C00A0D745 /* Build configuration list for PBXNativeTarget "HeightMeasurementUITests" */ = {
			isa = XCConfigurationList;
			buildConfigurations = (
				69FFFFD12D86886C00A0D745 /* Debug */,
				69FFFFD22D86886C00A0D745 /* Release */,
			);
			defaultConfigurationIsVisible = 0;
			defaultConfigurationName = Release;
		};
/* End XCConfigurationList section */
	};
	rootObject = 69FFFF952D86886A00A0D745 /* Project object */;
}
